
Microsoft Visual Studio Solution File, Format Version 12.00
# Visual Studio Version 16
VisualStudioVersion = 16.0.30804.86
MinimumVisualStudioVersion = 10.0.40219.1
Project("{9A19103F-16F7-4668-BE54-9A1E7A4F7556}") = "666foodDelivery", "666foodDelivery\666foodDelivery.csproj", "{2BAAB7DB-9CF8-47C0-842C-D4E514F239D9}"
EndProject
Project("{FAE04EC0-301F-11D3-BF4B-00C04F79EFBC}") = "BackendProcessingJob", "BackendProcessingJob\BackendProcessingJob.csproj", "{76F6AF11-60D4-41E5-A734-4BD8600C393E}"
EndProject
Global
	GlobalSection(SolutionConfigurationPlatforms) = preSolution
		Debug|Any CPU = Debug|Any CPU
		Release|Any CPU = Release|Any CPU
	EndGlobalSection
	GlobalSection(ProjectConfigurationPlatforms) = postSolution
		{2BAAB7DB-9CF8-47C0-842C-D4E514F239D9}.Debug|Any CPU.ActiveCfg = Debug|Any CPU
		{2BAAB7DB-9CF8-47C0-842C-D4E514F239D9}.Debug|Any CPU.Build.0 = Debug|Any CPU
		{2BAAB7DB-9CF8-47C0-842C-D4E514F239D9}.Release|Any CPU.ActiveCfg = Release|Any CPU
		{2BAAB7DB-9CF8-47C0-842C-D4E514F239D9}.Release|Any CPU.Build.0 = Release|Any CPU
		{76F6AF11-60D4-41E5-A734-4BD8600C393E}.Debug|Any CPU.ActiveCfg = Debug|Any CPU
		{76F6AF11-60D4-41E5-A734-4BD8600C393E}.Debug|Any CPU.Build.0 = Debug|Any CPU
		{76F6AF11-60D4-41E5-A734-4BD8600C393E}.Release|Any CPU.ActiveCfg = Release|Any CPU
		{76F6AF11-60D4-41E5-A734-4BD8600C393E}.Release|Any CPU.Build.0 = Release|Any CPU
	EndGlobalSection
	GlobalSection(SolutionProperties) = preSolution
		HideSolutionNode = FALSE
	EndGlobalSection
	GlobalSection(ExtensibilityGlobals) = postSolution
		SolutionGuid = {31AD0849-2B4F-4F6C-93F4-CE85748D371B}
	EndGlobalSection
EndGlobal
